
Microsoft Visual Studio Solution File, Format Version 12.00
# Visual Studio Version 17
VisualStudioVersion = 17.11.35327.3
MinimumVisualStudioVersion = 10.0.40219.1
Project("{FAE04EC0-301F-11D3-BF4B-00C04F79EFBC}") = "CounterStrikeTask", "CounterStrikeTask\CounterStrikeTask.csproj", "{6C60A404-6377-495C-87B9-CEB80A94ECE4}"
EndProject
Global
	GlobalSection(SolutionConfigurationPlatforms) = preSolution
		Debug|Any CPU = Debug|Any CPU
		Release|Any CPU = Release|Any CPU
	EndGlobalSection
	GlobalSection(ProjectConfigurationPlatforms) = postSolution
		{6C60A404-6377-495C-87B9-CEB80A94ECE4}.Debug|Any CPU.ActiveCfg = Debug|Any CPU
		{6C60A404-6377-495C-87B9-CEB80A94ECE4}.Debug|Any CPU.Build.0 = Debug|Any CPU
		{6C60A404-6377-495C-87B9-CEB80A94ECE4}.Release|Any CPU.ActiveCfg = Release|Any CPU
		{6C60A404-6377-495C-87B9-CEB80A94ECE4}.Release|Any CPU.Build.0 = Release|Any CPU
	EndGlobalSection
	GlobalSection(SolutionProperties) = preSolution
		HideSolutionNode = FALSE
	EndGlobalSection
	GlobalSection(ExtensibilityGlobals) = postSolution
		SolutionGuid = {DCF9B102-A0C9-4150-94F3-CD6209BB3C7C}
	EndGlobalSection
EndGlobal
